
Microsoft Visual Studio Solution File, Format Version 12.00
Project("{FAE04EC0-301F-11D3-BF4B-00C04F79EFBC}") = "github", "github\github.csproj", "{89B12122-45DC-4752-94E4-215ADAD7B29A}"
EndProject
Global
	GlobalSection(SolutionConfigurationPlatforms) = preSolution
		Debug|Any CPU = Debug|Any CPU
		Release|Any CPU = Release|Any CPU
	EndGlobalSection
	GlobalSection(ProjectConfigurationPlatforms) = postSolution
		{89B12122-45DC-4752-94E4-215ADAD7B29A}.Debug|Any CPU.ActiveCfg = Debug|Any CPU
		{89B12122-45DC-4752-94E4-215ADAD7B29A}.Debug|Any CPU.Build.0 = Debug|Any CPU
		{89B12122-45DC-4752-94E4-215ADAD7B29A}.Release|Any CPU.ActiveCfg = Release|Any CPU
		{89B12122-45DC-4752-94E4-215ADAD7B29A}.Release|Any CPU.Build.0 = Release|Any CPU
	EndGlobalSection
EndGlobal
